
Microsoft Visual Studio Solution File, Format Version 12.00
# Visual Studio Version 17
VisualStudioVersion = 17.9.34728.123
MinimumVisualStudioVersion = 10.0.40219.1
Project("{FAE04EC0-301F-11D3-BF4B-00C04F79EFBC}") = "API", "API\API.csproj", "{EC864AB5-A7D3-4018-B5DD-3454BBAB0BD2}"
EndProject
Project("{FAE04EC0-301F-11D3-BF4B-00C04F79EFBC}") = "Core", "Core\Core.csproj", "{D327B922-FAB8-47EC-B1A7-5434290EAC59}"
EndProject
Project("{FAE04EC0-301F-11D3-BF4B-00C04F79EFBC}") = "Infrastructure", "Infrastructure\Infrastructure.csproj", "{686811A1-D9BC-49FE-B043-E8776F8E7234}"
EndProject
Global
	GlobalSection(SolutionConfigurationPlatforms) = preSolution
		Debug|Any CPU = Debug|Any CPU
		Release|Any CPU = Release|Any CPU
	EndGlobalSection
	GlobalSection(ProjectConfigurationPlatforms) = postSolution
		{EC864AB5-A7D3-4018-B5DD-3454BBAB0BD2}.Debug|Any CPU.ActiveCfg = Debug|Any CPU
		{EC864AB5-A7D3-4018-B5DD-3454BBAB0BD2}.Debug|Any CPU.Build.0 = Debug|Any CPU
		{EC864AB5-A7D3-4018-B5DD-3454BBAB0BD2}.Release|Any CPU.ActiveCfg = Release|Any CPU
		{EC864AB5-A7D3-4018-B5DD-3454BBAB0BD2}.Release|Any CPU.Build.0 = Release|Any CPU
		{D327B922-FAB8-47EC-B1A7-5434290EAC59}.Debug|Any CPU.ActiveCfg = Debug|Any CPU
		{D327B922-FAB8-47EC-B1A7-5434290EAC59}.Debug|Any CPU.Build.0 = Debug|Any CPU
		{D327B922-FAB8-47EC-B1A7-5434290EAC59}.Release|Any CPU.ActiveCfg = Release|Any CPU
		{D327B922-FAB8-47EC-B1A7-5434290EAC59}.Release|Any CPU.Build.0 = Release|Any CPU
		{686811A1-D9BC-49FE-B043-E8776F8E7234}.Debug|Any CPU.ActiveCfg = Debug|Any CPU
		{686811A1-D9BC-49FE-B043-E8776F8E7234}.Debug|Any CPU.Build.0 = Debug|Any CPU
		{686811A1-D9BC-49FE-B043-E8776F8E7234}.Release|Any CPU.ActiveCfg = Release|Any CPU
		{686811A1-D9BC-49FE-B043-E8776F8E7234}.Release|Any CPU.Build.0 = Release|Any CPU
	EndGlobalSection
	GlobalSection(SolutionProperties) = preSolution
		HideSolutionNode = FALSE
	EndGlobalSection
	GlobalSection(ExtensibilityGlobals) = postSolution
		SolutionGuid = {C94F244B-FE3C-4AF5-8CBA-827DE77A5A2F}
	EndGlobalSection
EndGlobal
